
Microsoft Visual Studio Solution File, Format Version 12.00
# Visual Studio Version 16
VisualStudioVersion = 16.0.29306.81
MinimumVisualStudioVersion = 10.0.40219.1
Project("{FAE04EC0-301F-11D3-BF4B-00C04F79EFBC}") = "AspNetCore.DI.Default", "AspNetCore.DI.Default\AspNetCore.DI.Default.csproj", "{BB84DD7C-FA81-46BF-BDB2-E80E74F88236}"
EndProject
Project("{FAE04EC0-301F-11D3-BF4B-00C04F79EFBC}") = "AspNetCore.DI.Autofac", "AspNetCore.DI.Autofac\AspNetCore.DI.Autofac.csproj", "{CC7927EF-6C47-46B7-8650-4BFEF1771305}"
EndProject
Project("{FAE04EC0-301F-11D3-BF4B-00C04F79EFBC}") = "AspNetCore.DI.Services", "AspNetCore.DI.Services\AspNetCore.DI.Services.csproj", "{82B8FC49-D6E4-4F52-B5E1-233C3870EDCC}"
EndProject
Global
	GlobalSection(SolutionConfigurationPlatforms) = preSolution
		Debug|Any CPU = Debug|Any CPU
		Release|Any CPU = Release|Any CPU
	EndGlobalSection
	GlobalSection(ProjectConfigurationPlatforms) = postSolution
		{BB84DD7C-FA81-46BF-BDB2-E80E74F88236}.Debug|Any CPU.ActiveCfg = Debug|Any CPU
		{BB84DD7C-FA81-46BF-BDB2-E80E74F88236}.Debug|Any CPU.Build.0 = Debug|Any CPU
		{BB84DD7C-FA81-46BF-BDB2-E80E74F88236}.Release|Any CPU.ActiveCfg = Release|Any CPU
		{BB84DD7C-FA81-46BF-BDB2-E80E74F88236}.Release|Any CPU.Build.0 = Release|Any CPU
		{CC7927EF-6C47-46B7-8650-4BFEF1771305}.Debug|Any CPU.ActiveCfg = Debug|Any CPU
		{CC7927EF-6C47-46B7-8650-4BFEF1771305}.Debug|Any CPU.Build.0 = Debug|Any CPU
		{CC7927EF-6C47-46B7-8650-4BFEF1771305}.Release|Any CPU.ActiveCfg = Release|Any CPU
		{CC7927EF-6C47-46B7-8650-4BFEF1771305}.Release|Any CPU.Build.0 = Release|Any CPU
		{82B8FC49-D6E4-4F52-B5E1-233C3870EDCC}.Debug|Any CPU.ActiveCfg = Debug|Any CPU
		{82B8FC49-D6E4-4F52-B5E1-233C3870EDCC}.Debug|Any CPU.Build.0 = Debug|Any CPU
		{82B8FC49-D6E4-4F52-B5E1-233C3870EDCC}.Release|Any CPU.ActiveCfg = Release|Any CPU
		{82B8FC49-D6E4-4F52-B5E1-233C3870EDCC}.Release|Any CPU.Build.0 = Release|Any CPU
	EndGlobalSection
	GlobalSection(SolutionProperties) = preSolution
		HideSolutionNode = FALSE
	EndGlobalSection
	GlobalSection(ExtensibilityGlobals) = postSolution
		SolutionGuid = {CE864B3C-D2D0-41F5-A6E1-F14A5018B4BD}
	EndGlobalSection
EndGlobal
